{
  "name": "reasonable-mars-rover",
  "version": "0.1.0",
  "lockfileVersion": 1,
  "requires": true,
  "dependencies": {
    "bs-platform": {
      "version": "5.0.6",
      "resolved": "https://registry.npmjs.org/bs-platform/-/bs-platform-5.0.6.tgz",
      "integrity": "sha512-6Boa2VEcWJp2WJr38L7bp3J929nYha7gDarjxb070jWzgfPJ/WbzjipmSfnu2eqqk1MfjEIpBipbPz6n1NISwA==",
      "dev": true
    },
    "bs-readline": {
      "version": "1.0.4",
      "resolved": "https://registry.npmjs.org/bs-readline/-/bs-readline-1.0.4.tgz",
      "integrity": "sha512-Y3GBA9UZ2Qb0vvQDisIWJjYjkDPzmdwifQ0Hw5NO8uPc/qxgcVx8zbmeAWWC9qN11dBkVRRrMpQbSymNUsqD0Q=="
    }
  }
}
